
Microsoft Visual Studio Solution File, Format Version 12.00
# Visual Studio 15
VisualStudioVersion = 15.0.26124.0
MinimumVisualStudioVersion = 15.0.26124.0
Project("{FAE04EC0-301F-11D3-BF4B-00C04F79EFBC}") = "SnakesAndLaddersKata", "src\SnakesAndLaddersKata\SnakesAndLaddersKata.csproj", "{FCB19048-F76B-4E4D-A34F-09616DAFF9B7}"
EndProject
Project("{FAE04EC0-301F-11D3-BF4B-00C04F79EFBC}") = "SnakesAndLaddersKata.Tests", "src\SnakesAndLaddersKata.Tests\SnakesAndLaddersKata.Tests.csproj", "{298E7E1E-EC6B-44E9-99BC-A39C474B8F0D}"
EndProject
Global
	GlobalSection(SolutionConfigurationPlatforms) = preSolution
		Debug|Any CPU = Debug|Any CPU
		Debug|x64 = Debug|x64
		Debug|x86 = Debug|x86
		Release|Any CPU = Release|Any CPU
		Release|x64 = Release|x64
		Release|x86 = Release|x86
	EndGlobalSection
	GlobalSection(ProjectConfigurationPlatforms) = postSolution
		{FCB19048-F76B-4E4D-A34F-09616DAFF9B7}.Debug|Any CPU.ActiveCfg = Debug|Any CPU
		{FCB19048-F76B-4E4D-A34F-09616DAFF9B7}.Debug|Any CPU.Build.0 = Debug|Any CPU
		{FCB19048-F76B-4E4D-A34F-09616DAFF9B7}.Debug|x64.ActiveCfg = Debug|Any CPU
		{FCB19048-F76B-4E4D-A34F-09616DAFF9B7}.Debug|x64.Build.0 = Debug|Any CPU
		{FCB19048-F76B-4E4D-A34F-09616DAFF9B7}.Debug|x86.ActiveCfg = Debug|Any CPU
		{FCB19048-F76B-4E4D-A34F-09616DAFF9B7}.Debug|x86.Build.0 = Debug|Any CPU
		{FCB19048-F76B-4E4D-A34F-09616DAFF9B7}.Release|Any CPU.ActiveCfg = Release|Any CPU
		{FCB19048-F76B-4E4D-A34F-09616DAFF9B7}.Release|Any CPU.Build.0 = Release|Any CPU
		{FCB19048-F76B-4E4D-A34F-09616DAFF9B7}.Release|x64.ActiveCfg = Release|Any CPU
		{FCB19048-F76B-4E4D-A34F-09616DAFF9B7}.Release|x64.Build.0 = Release|Any CPU
		{FCB19048-F76B-4E4D-A34F-09616DAFF9B7}.Release|x86.ActiveCfg = Release|Any CPU
		{FCB19048-F76B-4E4D-A34F-09616DAFF9B7}.Release|x86.Build.0 = Release|Any CPU
		{298E7E1E-EC6B-44E9-99BC-A39C474B8F0D}.Debug|Any CPU.ActiveCfg = Debug|Any CPU
		{298E7E1E-EC6B-44E9-99BC-A39C474B8F0D}.Debug|Any CPU.Build.0 = Debug|Any CPU
		{298E7E1E-EC6B-44E9-99BC-A39C474B8F0D}.Debug|x64.ActiveCfg = Debug|Any CPU
		{298E7E1E-EC6B-44E9-99BC-A39C474B8F0D}.Debug|x64.Build.0 = Debug|Any CPU
		{298E7E1E-EC6B-44E9-99BC-A39C474B8F0D}.Debug|x86.ActiveCfg = Debug|Any CPU
		{298E7E1E-EC6B-44E9-99BC-A39C474B8F0D}.Debug|x86.Build.0 = Debug|Any CPU
		{298E7E1E-EC6B-44E9-99BC-A39C474B8F0D}.Release|Any CPU.ActiveCfg = Release|Any CPU
		{298E7E1E-EC6B-44E9-99BC-A39C474B8F0D}.Release|Any CPU.Build.0 = Release|Any CPU
		{298E7E1E-EC6B-44E9-99BC-A39C474B8F0D}.Release|x64.ActiveCfg = Release|Any CPU
		{298E7E1E-EC6B-44E9-99BC-A39C474B8F0D}.Release|x64.Build.0 = Release|Any CPU
		{298E7E1E-EC6B-44E9-99BC-A39C474B8F0D}.Release|x86.ActiveCfg = Release|Any CPU
		{298E7E1E-EC6B-44E9-99BC-A39C474B8F0D}.Release|x86.Build.0 = Release|Any CPU
	EndGlobalSection
	GlobalSection(SolutionProperties) = preSolution
		HideSolutionNode = FALSE
	EndGlobalSection
	GlobalSection(ExtensibilityGlobals) = postSolution
		SolutionGuid = {B268C2A9-C04C-4BC4-BEDC-1041A1F84E6D}
	EndGlobalSection
EndGlobal
